
Microsoft Visual Studio Solution File, Format Version 12.00
# Visual Studio Version 17
VisualStudioVersion = 17.2.32630.192
MinimumVisualStudioVersion = 10.0.40219.1
Project("{9A19103F-16F7-4668-BE54-9A1E7A4F7556}") = "CursoCSharp", "CursoCSharp2\CursoCSharp.csproj", "{49BE1BBD-24D6-4EC9-8347-3DBFF63774BE}"
EndProject
Global
	GlobalSection(SolutionConfigurationPlatforms) = preSolution
		Debug|Any CPU = Debug|Any CPU
		Release|Any CPU = Release|Any CPU
	EndGlobalSection
	GlobalSection(ProjectConfigurationPlatforms) = postSolution
		{49BE1BBD-24D6-4EC9-8347-3DBFF63774BE}.Debug|Any CPU.ActiveCfg = Debug|Any CPU
		{49BE1BBD-24D6-4EC9-8347-3DBFF63774BE}.Debug|Any CPU.Build.0 = Debug|Any CPU
		{49BE1BBD-24D6-4EC9-8347-3DBFF63774BE}.Release|Any CPU.ActiveCfg = Release|Any CPU
		{49BE1BBD-24D6-4EC9-8347-3DBFF63774BE}.Release|Any CPU.Build.0 = Release|Any CPU
	EndGlobalSection
	GlobalSection(SolutionProperties) = preSolution
		HideSolutionNode = FALSE
	EndGlobalSection
	GlobalSection(ExtensibilityGlobals) = postSolution
		SolutionGuid = {0BA1DCE0-A46A-44F6-8B12-70868A99EE9D}
	EndGlobalSection
EndGlobal
